cloud.google.com/go v0.26.0/go.mod h1:aQUYkXzVsufM+DwF1aE+0xfcU+56JwCaLick0ClmMTw=
cloud.google.com/go v0.34.0/go.mod h1:aQUYkXzVsufM+DwF1aE+0xfcU+56JwCaLick0ClmMTw=
github.com/14rcole/gopopulate v0.0.0-20180821133914-b175b219e774 h1:SCbEWT58NSt7d2mcFdvxC9uyrdcTfvBbPLThhkDmXzg=
github.com/14rcole/gopopulate v0.0.0-20180821133914-b175b219e774/go.mod h1:6/0dYRLLXyJjbkIPeeGyoJ/eKOSI0eU6eTlCBYibgd0=
github.com/Azure/go-ansiterm v0.0.0-20170929234023-d6e3b3328b78 h1:w+iIsaOQNcT7OZ575w+acHgRric5iCyQh+xv+KJ4HB8=
github.com/Azure/go-ansiterm v0.0.0-20170929234023-d6e3b3328b78/go.mod h1:LmzpDX56iTiv29bbRTIsUNlaFfuhWRQBWjQdVyAevI8=
github.com/BurntSushi/toml v0.3.1 h1:WXkYYl6Yr3qBf1K79EBnL4mak0OimBfB0XUf9Vl28OQ=
github.com/BurntSushi/toml v0.3.1/go.mod h1:xHWCNGjB5oqiDr8zfno3MHue2Ht5sIBksp03qcyfWMU=
github.com/Microsoft/go-winio v0.4.11 h1:zoIOcVf0xPN1tnMVbTtEdI+P8OofVk3NObnwOQ6nK2Q=
github.com/Microsoft/go-winio v0.4.11/go.mod h1:VhR8bwka0BXejwEJY73c50VrPtXAaKcyvVC4A4RozmA=
github.com/Microsoft/go-winio v0.4.12 h1:xAfWHN1IrQ0NJ9TBC0KBZoqLjzDTr1ML+4MywiUOryc=
github.com/Microsoft/go-winio v0.4.12/go.mod h1:VhR8bwka0BXejwEJY73c50VrPtXAaKcyvVC4A4RozmA=
github.com/Microsoft/hcsshim v0.8.5/go.mod h1:Op3hHsoHPAvb6lceZHDtd9OkTew38wNoXnJs8iY7rUg=
github.com/Microsoft/hcsshim v0.8.6 h1:ZfF0+zZeYdzMIVMZHKtDKJvLHj76XCuVae/jNkjj0IA=
github.com/Microsoft/hcsshim v0.8.6/go.mod h1:Op3hHsoHPAvb6lceZHDtd9OkTew38wNoXnJs8iY7rUg=
github.com/Nvveen/Gotty v0.0.0-20120604004816-cd527374f1e5 h1:TngWCqHvy9oXAN6lEVMRuU21PR1EtLVZJmdB18Gu3Rw=
github.com/Nvveen/Gotty v0.0.0-20120604004816-cd527374f1e5/go.mod h1:lmUJ/7eu/Q8D7ML55dXQrVaamCz2vxCfdQBasLZfHKk=
github.com/PuerkitoBio/purell v1.1.1 h1:WEQqlqaGbrPkxLJWfBwQmfEAE1Z7ONdDLqrN38tNFfI=
github.com/PuerkitoBio/purell v1.1.1/go.mod h1:c11w/QuzBsJSee3cPx9rAFu61PvFxuPbtSwDGJws/X0=
github.com/PuerkitoBio/urlesc v0.0.0-20170810143723-de5bf2ad4578 h1:d+Bc7a5rLufV/sSk/8dngufqelfh6jnri85riMAaF/M=
github.com/PuerkitoBio/urlesc v0.0.0-20170810143723-de5bf2ad4578/go.mod h1:uGdkoq3SwY9Y+13GIhn11/XLaGBb4BfwItxLd5jeuXE=
github.com/VividCortex/ewma v1.1.1 h1:MnEK4VOv6n0RSY4vtRe3h11qjxL3+t0B8yOL8iMXdcM=
github.com/VividCortex/ewma v1.1.1/go.mod h1:2Tkkvm3sRDVXaiyucHiACn4cqf7DpdyLvmxzcbUokwA=
github.com/apache/thrift v0.0.0-20161221203622-b2a4d4ae21c7/go.mod h1:cp2SuWMxlEZw2r+iP2GNCdIi4C1qmUzdZFSVb+bacwQ=
github.com/appscode/jsonpatch v0.0.0-20190108182946-7c0e3b262f30 h1:Kn3rqvbUFqSepE2OqVu0Pn1CbDw9IuMlONapol0zuwk=
github.com/appscode/jsonpatch v0.0.0-20190108182946-7c0e3b262f30/go.mod h1:4AJxUpXUhv4N+ziTvIcWWXgeorXpxPZOfk9HdEVr96M=
github.com/beorn7/perks v0.0.0-20180321164747-3a771d992973 h1:xJ4a3vCFaGF/jqvzLMYoU8P317H5OQ+Via4RmuPwCS0=
github.com/beorn7/perks v0.0.0-20180321164747-3a771d992973/go.mod h1:Dwedo/Wpr24TaqPxmxbtue+5NUziq4I4S80YR8gNf3Q=
github.com/blang/semver v3.5.1+incompatible h1:cQNTCjp13qL8KC3Nbxr/y2Bqb63oX6wdnnjpJbkM4JQ=
github.com/blang/semver v3.5.1+incompatible/go.mod h1:kRBLl5iJ+tD4TcOOxsy/0fnwebNt5EWlYSAyrTnjyyk=
github.com/boltdb/bolt v1.3.1 h1:JQmyP4ZBrce+ZQu0dY660FMfatumYDLun9hBCUVIkF4=
github.com/boltdb/bolt v1.3.1/go.mod h1:clJnj/oiGkjum5o1McbSZDSLxVThjynRyGBgiAx27Ps=
github.com/checkpoint-restore/go-criu v0.0.0-20190109184317-bdb7599cd87b h1:T4nWG1TXIxeor8mAu5bFguPJgSIGhZqv/f0z55KCrJM=
github.com/checkpoint-restore/go-criu v0.0.0-20190109184317-bdb7599cd87b/go.mod h1:TrMrLQfeENAPYPRsJuq3jsqdlRh3lvi6trTZJG8+tho=
github.com/client9/misspell v0.3.4/go.mod h1:qj6jICC3Q7zFZvVWo7KLAzC3yx5G7kyvSDkc90ppPyw=
github.com/cloudflare/cfssl v0.0.0-20190409034051-768cd563887f h1:+2gpkLTePKn3qDlYFOF5HnOLn+Hti/n4Iqk5jBFA7KU=
github.com/cloudflare/cfssl v0.0.0-20190409034051-768cd563887f/go.mod h1:yMWuSON2oQp+43nFtAV/uvKQIFpSPerB57DCt9t8sSA=
github.com/codahale/hdrhistogram v0.0.0-20160425231609-f8ad88b59a58/go.mod h1:sE/e/2PUdi/liOCUjSTXgM1o87ZssimdTWN964YiIeI=
github.com/containerd/cgroups v0.0.0-20181219155423-39b18af02c41/go.mod h1:X9rLEHIqSf/wfK8NsPqxJmeZgW4pcfzdXITDrUSJ6uI=
github.com/containerd/cgroups v0.0.0-20190226200435-dbea6f2bd416 h1:AaSMvkPaxfZD/OsDVBueAKzY5lnWAqLWgUivNg37WHA=
github.com/containerd/cgroups v0.0.0-20190226200435-dbea6f2bd416/go.mod h1:X9rLEHIqSf/wfK8NsPqxJmeZgW4pcfzdXITDrUSJ6uI=
github.com/containerd/console v0.0.0-20180822173158-c12b1e7919c1/go.mod h1:Tj/on1eG8kiEhd0+fhSDzsPAFESxzBBvdyEgyryXffw=
github.com/containerd/containerd v1.2.6 h1:K38ZSAA9oKSrX3iFNY+4SddZ8hH1TCMCerc8NHfcKBQ=
github.com/containerd/containerd v1.2.6/go.mod h1:bC6axHOhabU15QhwfG7w5PipXdVtMXFTttgp+kVtyUA=
github.com/containerd/continuity v0.0.0-20181001140422-bd77b46c8352/go.mod h1:GL3xCUCBDV3CZiTSEKksMWbLE66hEyuu9qyDOOqM47Y=
github.com/containerd/continuity v0.0.0-20181203112020-004b46473808 h1:4BX8f882bXEDKfWIf0wa8HRvpnBoPszJJXL+TVbBw4M=
github.com/containerd/continuity v0.0.0-20181203112020-004b46473808/go.mod h1:GL3xCUCBDV3CZiTSEKksMWbLE66hEyuu9qyDOOqM47Y=
github.com/containerd/fifo v0.0.0-20180307165137-3d5202aec260 h1:XGyg7oTtD0DoRFhbpV6x1WfV0flKC4UxXU7ab1zC08U=
github.com/containerd/fifo v0.0.0-20180307165137-3d5202aec260/go.mod h1:ODA38xgv3Kuk8dQz2ZQXpnv/UZZUHUCL7pnLehbXgQI=
github.com/containerd/go-runc v0.0.0-20180907222934-5a6d9f37cfa3/go.mod h1:IV7qH3hrUgRmyYrtgEeGWJfWbgcHL9CSRruz2Vqcph0=
github.com/containerd/typeurl v0.0.0-20180627222232-a93fcdb778cd h1:JNn81o/xG+8NEo3bC/vx9pbi/g2WI8mtP2/nXzu297Y=
github.com/containerd/typeurl v0.0.0-20180627222232-a93fcdb778cd/go.mod h1:Cm3kwCdlkCfMSHURc+r6fwoGH6/F1hH3S4sg0rLFWPc=
github.com/containernetworking/cni v0.6.0 h1:FXICGBZNMtdHlW65trpoHviHctQD3seWhRRcqp2hMOU=
github.com/containernetworking/cni v0.6.0/go.mod h1:LGwApLUm2FpoOfxTDEeq8T9ipbpZ61X79hmU3w8FmsY=
github.com/containernetworking/plugins v0.7.5 h1:WOdY2n1SjtyJtFqDn/W/FDoWL+L8ICWasuPFH37HGiA=
github.com/containernetworking/plugins v0.7.5/go.mod h1:dagHaAhNjXjT9QYOklkKJDGaQPTg4pf//FrUcJeb7FU=
github.com/containers/buildah v1.7.1 h1:p6l8AJN9cpzdt4I9ObTAuKkpYeCq1E6oxkNxLuq2n1I=
github.com/containers/buildah v1.7.1/go.mod h1:1CsiLJvyU+h+wOjnqJJOWuJCVcMxZOr5HN/gHGdzJxY=
github.com/containers/image v0.0.0-20190313194849-a911b201c9ed h1:3xJV2NzZywhEDTQbPRhwNh/9JWVTUG4u7LxuXjzW5HA=
github.com/containers/image v0.0.0-20190313194849-a911b201c9ed/go.mod h1:8Vtij257IWSanUQKe1tAeNOm2sRVkSqQTVQ1IlwI3+M=
github.com/containers/libpod v1.1.2 h1:xgwXrjpcddI+9fqRQizRJB9Ul0FlaDrYegCNrhqVnpY=
github.com/containers/libpod v1.1.2/go.mod h1:KkaKUNtjfQIm83bee5nnVvfcWUImCPUHjoUrQMvIlII=
github.com/containers/psgo v0.0.0-20190311163040-ee081b685b16 h1:ZC2FhYHMagot/AbotF5KeN0VJUhQ3w7Eb7ssrkT7clU=
github.com/containers/psgo v0.0.0-20190311163040-ee081b685b16/go.mod h1:ELMarmNM9gDUsJz1ktAUd5tlSm6iWkfB8tx5gxwGFgM=
github.com/containers/storage v0.0.0-20190311173742-25923caa130d h1:aP8mPRM9k3fryQiB4JRl9ayfGSI8gU5zw9udfdXU6tU=
github.com/containers/storage v0.0.0-20190311173742-25923caa130d/go.mod h1:+RirK6VQAqskQlaTBrOG6ulDvn4si2QjFE1NZCn06MM=
github.com/coreos/go-iptables v0.4.0 h1:wh4UbVs8DhLUbpyq97GLJDKrQMjEDD63T1xE4CrsKzQ=
github.com/coreos/go-iptables v0.4.0/go.mod h1:/mVI274lEDI2ns62jHCDnCyBF9Iwsmekav8Dbxlm1MU=
github.com/coreos/go-systemd v0.0.0-20181031085051-9002847aa142 h1:3jFq2xL4ZajGK4aZY8jz+DAF0FHjI51BXjjSwCzS1Dk=
github.com/coreos/go-systemd v0.0.0-20181031085051-9002847aa142/go.mod h1:F5haX7vjVVG0kc13fIWeqUViNPyEJxv/OmvnBo0Yme4=
github.com/coreos/prometheus-operator v0.26.0 h1:QPhC10DLDS79SahPAEgDOfyt/bWm0vfebeF3nXQdU7w=
github.com/coreos/prometheus-operator v0.26.0/go.mod h1:SO+r5yZUacDFPKHfPoUjI3hMsH+ZUdiuNNhuSq3WoSg=
github.com/cri-o/ocicni v0.1.0 h1:7OOh/1d/K5JbMJ4tb/xRs3PNTlGckeICWMa/Rx4efu0=
github.com/cri-o/ocicni v0.1.0/go.mod h1:BO0al9TKber3XUTucLzKgoG5sq8qiOB41H7zSdfw6r8=
github.com/cyphar/filepath-securejoin v0.2.2 h1:jCwT2GTP+PY5nBz3c/YL5PAIbusElVrPujOBSCj8xRg=
github.com/cyphar/filepath-securejoin v0.2.2/go.mod h1:FpkQEhXnPnOthhzymB7CGsFk2G9VLXONKD9G7QGMM+4=
github.com/davecgh/go-spew v1.1.0/go.mod h1:J7Y8YcW2NihsgmVo/mv3lAwl/skON4iLHjSsI+c5H38=
github.com/davecgh/go-spew v1.1.1 h1:vj9j/u1bqnvCEfJOwUhtlOARqs3+rkHYY13jYWTU97c=
github.com/davecgh/go-spew v1.1.1/go.mod h1:J7Y8YcW2NihsgmVo/mv3lAwl/skON4iLHjSsI+c5H38=
github.com/denisbrodbeck/machineid v1.0.1 h1:geKr9qtkB876mXguW2X6TU4ZynleN6ezuMSRhl4D7AQ=
github.com/denisbrodbeck/machineid v1.0.1/go.mod h1:dJUwb7PTidGDeYyUBmXZ2GphQBbjJCrnectwCyxcUSI=
github.com/docker/cli v0.0.0-20190131223713-234462756460/go.mod h1:JLrzqnKDaYBop7H2jaqPtU4hHvMKP+vjCwu2uszcLI8=
github.com/docker/distribution v2.7.1-0.20190205005809-0d3efadf0154+incompatible h1:dvc1KSkIYTVjZgHf/CTC2diTYC8PzhaA5sFISRfNVrE=
github.com/docker/distribution v2.7.1-0.20190205005809-0d3efadf0154+incompatible/go.mod h1:J2gT2udsDAN96Uj4KfcMRqY0/ypR+oyYUYmja8H+y+w=
github.com/docker/docker-credential-helpers v0.6.0/go.mod h1:WRaJzqw3CTB9bk10avuGsjVBZsD05qeibJ1/TYlvc0Y=
github.com/docker/docker-credential-helpers v0.6.1 h1:Dq4iIfcM7cNtddhLVWe9h4QDjsi4OER3Z8voPu/I52g=
github.com/docker/docker-credential-helpers v0.6.1/go.mod h1:WRaJzqw3CTB9bk10avuGsjVBZsD05qeibJ1/TYlvc0Y=
github.com/docker/engine v0.0.0-20190408150954-50ebe4562dfc h1:Hr7acZ8sorvBVY3kxRZT6FB6W6hGfrKjqWzhAWLXm+o=
github.com/docker/engine v0.0.0-20190408150954-50ebe4562dfc/go.mod h1:3CPr2caMgTHxxIAZgEMd3uLYPDlRvPqCpyeRf6ncPcY=
github.com/docker/go-connections v0.3.0 h1:3lOnM9cSzgGwx8VfK/NGOW5fLQ0GjIlCkaktF+n1M6o=
github.com/docker/go-connections v0.3.0/go.mod h1:Gbd7IOopHjR8Iph03tsViu4nIes5XhDvyHbTtUxmeec=
github.com/docker/go-connections v0.4.0 h1:El9xVISelRB7BuFusrZozjnkIM5YnzCViNKohAFqRJQ=
github.com/docker/go-connections v0.4.0/go.mod h1:Gbd7IOopHjR8Iph03tsViu4nIes5XhDvyHbTtUxmeec=
github.com/docker/go-events v0.0.0-20170721190031-9461782956ad h1:VXIse57M5C6ezDuCPyq6QmMvEJ2xclYKZ35SfkXdm3E=
github.com/docker/go-events v0.0.0-20170721190031-9461782956ad/go.mod h1:Uw6UezgYA44ePAFQYUehOuCzmy5zmg/+nl2ZfMWGkpA=
github.com/docker/go-metrics v0.0.0-20181218153428-b84716841b82 h1:X0fj836zx99zFu83v/M79DuBn84IL/Syx1SY6Y5ZEMA=
github.com/docker/go-metrics v0.0.0-20181218153428-b84716841b82/go.mod h1:/u0gXw0Gay3ceNrsHubL3BtdOL2fHf93USgMTe0W5dI=
github.com/docker/go-units v0.3.3 h1:Xk8S3Xj5sLGlG5g67hJmYMmUgXv5N4PhkjJHHqrwnTk=
github.com/docker/go-units v0.3.3/go.mod h1:fgPhTUdO+D/Jk86RDLlptpiXQzgHJF7gydDDbaIK4Dk=
github.com/docker/libnetwork v0.0.0-20180913200009-36d3bed0e9f4/go.mod h1:93m0aTqz6z+g32wla4l4WxTrdtvBRmVzYRkYvasA5Z8=
github.com/docker/libtrust v0.0.0-20160708172513-aabc10ec26b7 h1:UhxFibDNY/bfvqU5CAUmr9zpesgbU6SWc8/B4mflAE4=
github.com/docker/libtrust v0.0.0-20160708172513-aabc10ec26b7/go.mod h1:cyGadeNEkKy96OOhEzfZl+yxihPEzKnqJwvfuSUqbZE=
github.com/docker/spdystream v0.0.0-20181023171402-6480d4af844c h1:ZfSZ3P3BedhKGUhzj7BQlPSU4OvT6tfOKe3DVHzOA7s=
github.com/docker/spdystream v0.0.0-20181023171402-6480d4af844c/go.mod h1:Qh8CwZgvJUkLughtfhJv5dyTYa91l1fOUCrgjqmcifM=
github.com/elazarl/goproxy v0.0.0-20181111060418-2ce16c963a8a h1:A4wNiqeKqU56ZhtnzJCTyPZ1+cyu8jKtIchQ3TtxHgw=
github.com/elazarl/goproxy v0.0.0-20181111060418-2ce16c963a8a/go.mod h1:/Zj4wYkgs4iZTTu3o/KG3Itv/qCCa8VVMlb3i9OVuzc=
github.com/emicklei/go-restful v2.9.0+incompatible h1:YKhDcF/NL19iSAQcyCATL1MkFXCzxfdaTiuJKr18Ank=
github.com/emicklei/go-restful v2.9.0+incompatible/go.mod h1:otzb+WCGbkyDHkqmQmT5YD2WR4BBwUdeQoFo8l/7tVs=
github.com/evanphx/json-patch v4.0.0+incompatible h1:xregGRMLBeuRcwiOTHRCsPPuzCQlqhxUPbqdw+zNkLc=
github.com/evanphx/json-patch v4.0.0+incompatible/go.mod h1:50XU6AFN0ol/bzJsmQLiYLvXMP4fmwYFNcr97nuDLSk=
github.com/fatih/camelcase v1.0.0 h1:hxNvNX/xYBp0ovncs8WyWZrOrpBNub/JfaMvbURyft8=
github.com/fatih/camelcase v1.0.0/go.mod h1:yN2Sb0lFhZJUdVvtELVWefmrXpuZESvPmqwoZc+/fpc=
github.com/fsnotify/fsnotify v1.4.7 h1:IXs+QLmnXW2CcXuY+8Mzv/fWEsPGWxqefPtCP5CnV9I=
github.com/fsnotify/fsnotify v1.4.7/go.mod h1:jwhsz4b93w/PPRr/qN1Yymfu8t87LnFCMoQvtojpjFo=
github.com/fsouza/go-dockerclient v1.3.6 h1:oL0e3fpCjF+AHuUUBnwbkVcelFhxQifgTPQKipJPtnI=
github.com/fsouza/go-dockerclient v1.3.6/go.mod h1:ptN6nXBwrXuiHAz2TYGOFCBB1aKGr371sGjMFdJEr1A=
github.com/ghodss/yaml v0.0.0-20180820084758-c7ce16629ff4 h1:bRzFpEzvausOAt4va+I/22BZ1vXDtERngp0BNYDKej0=
github.com/ghodss/yaml v0.0.0-20180820084758-c7ce16629ff4/go.mod h1:4dBDuWmgqj2HViK6kFavaiC9ZROes6MMH2rRYeMEF04=
github.com/go-logr/logr v0.1.0 h1:M1Tv3VzNlEHg6uyACnRdtrploV2P7wZqH8BoQMtz0cg=
github.com/go-logr/logr v0.1.0/go.mod h1:ixOQHD9gLJUVQQ2ZOR7zLEifBX6tGkNJF4QyIY7sIas=
github.com/go-logr/zapr v0.1.0 h1:h+WVe9j6HAA01niTJPA/kKH0i7e0rLZBCwauQFcRE54=
github.com/go-logr/zapr v0.1.0/go.mod h1:tabnROwaDl0UNxkVeFRbY8bwB37GwRv0P8lg6aAiEnk=
github.com/go-openapi/jsonpointer v0.19.0 h1:FTUMcX77w5rQkClIzDtTxvn6Bsa894CcrzNj2MMfeg8=
github.com/go-openapi/jsonpointer v0.19.0/go.mod h1:cOnomiV+CVVwFLk0A/MExoFMjwdsUdVpsRhURCKh+3M=
github.com/go-openapi/jsonreference v0.19.0 h1:BqWKpV1dFd+AuiKlgtddwVIFQsuMpxfBDBHGfM2yNpk=
github.com/go-openapi/jsonreference v0.19.0/go.mod h1:g4xxGn04lDIRh0GJb5QlpE3HfopLOL6uZrK/VgnsK9I=
github.com/go-openapi/spec v0.19.0 h1:A4SZ6IWh3lnjH0rG0Z5lkxazMGBECtrZcbyYQi+64k4=
github.com/go-openapi/spec v0.19.0/go.mod h1:XkF/MOi14NmjsfZ8VtAKf8pIlbZzyoTvZsdfssdxcBI=
github.com/go-openapi/swag v0.19.0 h1:Kg7Wl7LkTPlmc393QZQ/5rQadPhi7pBVEMZxyTi0Ii8=
github.com/go-openapi/swag v0.19.0/go.mod h1:AByQ+nYG6gQg71GINrmuDXCPWdL640yX49/kXLo40Tg=
github.com/godbus/dbus v4.1.0+incompatible h1:WqqLRTsQic3apZUK9qC5sGNfXthmPXzUZ7nQPrNITa4=
github.com/godbus/dbus v4.1.0+incompatible/go.mod h1:/YcGZj5zSblfDWMMoOzV4fas9FZnQYTkDnsGvmh2Grw=
github.com/gofrs/flock v0.7.0/go.mod h1:F1TvTiK9OcQqauNUHlbJvyl9Qa1QvF/gOUDKA14jxHU=
github.com/gogo/googleapis v0.0.0-20180501115203-b23578765ee5 h1:/IG8HCSoBr+VsVJYoJ+gf91i8ZX2JuLOqd4t9Wt9zN4=
github.com/gogo/googleapis v0.0.0-20180501115203-b23578765ee5/go.mod h1:gf4bu3Q80BeJ6H1S1vYPm8/ELATdvryBaNFGgqEef3s=
github.com/gogo/protobuf v1.2.1 h1:/s5zKNz0uPFCZ5hddgPdo2TK2TVrUNMn0OOX8/aZMTE=
github.com/gogo/protobuf v1.2.1/go.mod h1:hp+jE20tsWTFYpLwKvXlhS1hjn+gTNwPg2I6zVXpSg4=
github.com/golang/glog v0.0.0-20160126235308-23def4e6c14b h1:VKtxabqXZkF25pY9ekfRL6a582T4P37/31XEstQ5p58=
github.com/golang/glog v0.0.0-20160126235308-23def4e6c14b/go.mod h1:SBH7ygxi8pfUlaOkMMuAQtPIUF8ecWP5IEl/CR7VP2Q=
github.com/golang/groupcache v0.0.0-20190129154638-5b532d6fd5ef h1:veQD95Isof8w9/WXiA+pa3tz3fJXkt5B7QaRBrM62gk=
github.com/golang/groupcache v0.0.0-20190129154638-5b532d6fd5ef/go.mod h1:cIg4eruTrX1D+g88fzRXU5OdNfaM+9IcxsU14FzY7Hc=
github.com/golang/mock v1.2.0 h1:28o5sBqPkBsMGnC6b4MvE2TzSr5/AT4c/1fLqVGIwlk=
github.com/golang/mock v1.2.0/go.mod h1:oTYuIxOrZwtPieC+H1uAHpcLFnEyAGVDL/k47Jfbm0A=
github.com/golang/net v0.0.0-20190311183353-d8887717615a h1:4V+LPwzBFLRg7XSXZw133Jsur1mTVMY73hIv/FTdrbg=
github.com/golang/net v0.0.0-20190311183353-d8887717615a/go.mod h1:t9HGtf8HONx5eT2rtn7q6eTqICYqUVnKs3thJo3Qplg=
github.com/golang/oauth2 v0.0.0-20190226205417-e64efc72b421 h1:4y26BRLS9Vb6ccHl9WVahl/I01Eh+KIFgUdUh+gGbbw=
github.com/golang/oauth2 v0.0.0-20190226205417-e64efc72b421/go.mod h1:gOpvHmFTYa4IltrdGE7lF6nIHvwfUNPOp7c8zoXwtLw=
github.com/golang/protobuf v1.3.1 h1:YF8+flBXS5eO826T4nzqPrxfhQThhXl0YzfuUPu4SBg=
github.com/golang/protobuf v1.3.1/go.mod h1:6lQm79b+lXiMfvg/cZm0SGofjICqVBUtrP5yJMmIC1U=
github.com/golang/sync v0.0.0-20190227155943-e225da77a7e6 h1:Se6Oir2hKeBwg76KziPlkORWCIgui8CAI4ai8Yg+H9w=
github.com/golang/sync v0.0.0-20190227155943-e225da77a7e6/go.mod h1:RxMgew5VJxzue5/jJTE5uejpjVlOe/izrB70Jof72aM=
github.com/google/btree v0.0.0-20160524151835-7d79101e329e h1:JHB7F/4TJCrYBW8+GZO8VkWDj1jxcWuCl6uxKODiyi4=
github.com/google/btree v0.0.0-20160524151835-7d79101e329e/go.mod h1:lNA+9X1NB3Zf8V7Ke586lFgjr2dZNuvo3lPJSGZ5JPQ=
github.com/google/certificate-transparency-go v1.0.21 h1:Yf1aXowfZ2nuboBsg7iYGLmwsOARdV86pfH3g95wXmE=
github.com/google/certificate-transparency-go v1.0.21/go.mod h1:QeJfpSbVSfYc7RgB3gJFj9cbuQMMchQxrWXz8Ruopmg=
github.com/google/go-cmp v0.2.0 h1:+dTQ8DZQJz0Mb/HjFlkptS1FeQ4cWSnN941F8aEG4SQ=
github.com/google/go-cmp v0.2.0/go.mod h1:oXzfMopK8JAjlY9xF4vHSVASa0yLyX7SntLO5aqRK0M=
github.com/google/go-genproto v0.0.0-20190307195333-5fe7a883aa19 h1:IMQhhqQW53Y/qavKtjyAhFoNAvzkxNrCI1fuhoAMlnQ=
github.com/google/go-genproto v0.0.0-20190307195333-5fe7a883aa19/go.mod h1:VzzqZJRnGkLBvHegQrXjBqPurQTc5/KpmUdxsrq26oE=
github.com/google/gofuzz v1.0.0 h1:A8PeW59pxE9IoFRqBp37U+mSNaQoZ46F1f0f863XSXw=
github.com/google/gofuzz v1.0.0/go.mod h1:dBl0BpW6vV/+mYPU4Po3pmUjxk6FQPldtuIdl/M65Eg=
github.com/google/shlex v0.0.0-20150127133951-6f45313302b9/go.mod h1:RpwtwJQFrIEPstU94h88MWPXP2ektJZ8cZ0YntAmXiE=
github.com/google/uuid v1.1.1 h1:Gkbcsh/GbpXz7lPftLA3P6TYMwjCLYm83jiFQZF/3gY=
github.com/google/uuid v1.1.1/go.mod h1:TIyPZe4MgqvfeYDBFedMoGGpEw/LqOeaOT+nhxU+yHo=
github.com/googleapis/gnostic v0.2.0 h1:l6N3VoaVzTncYYW+9yOz2LJJammFZGBO13sqgEhpy9g=
github.com/googleapis/gnostic v0.2.0/go.mod h1:sJBsCZ4ayReDTBIg8b9dl28c5xFWyhBTVRp3pOg5EKY=
github.com/gorilla/mux v1.7.0 h1:tOSd0UKHQd6urX6ApfOn4XdBMY6Sh1MfxV3kmaazO+U=
github.com/gorilla/mux v1.7.0/go.mod h1:1lud6UwP+6orDFRuTfBEV8e9/aOM/c4fVVCaMa2zaAs=
github.com/gotestyourself/gotestyourself v2.2.0+incompatible h1:AQwinXlbQR2HvPjQZOmDhRqsv5mZf+Jb1RnSLxcqZcI=
github.com/gotestyourself/gotestyourself v2.2.0+incompatible/go.mod h1:zZKM6oeNM8k+FRljX1mnzVYeS8wiGgQyvST1/GafPbY=
github.com/gregjones/httpcache v0.0.0-20170728041850-787624de3eb7 h1:6TSoaYExHper8PYsJu23GWVNOyYRCSnIFyxKgLSZ54w=
github.com/gregjones/httpcache v0.0.0-20170728041850-787624de3eb7/go.mod h1:FecbI9+v66THATjSRHfNgh1IVFe/9kFxbXtjV0ctIMA=
github.com/grpc-ecosystem/grpc-opentracing v0.0.0-20180507213350-8e809c8a8645/go.mod h1:6iZfnjpejD4L/4DwD7NryNaJyCQdzwWwH2MWhCA90Kw=
github.com/grpc/grpc-go v1.19.1 h1:0iLHW3zPt/MDBr0v097JJilCn9fSDjTamRPDoGkBN4A=
github.com/grpc/grpc-go v1.19.1/go.mod h1:mqu4LbDTu4XGKhr4mRzUsmM4RtVoemTSY81AxZiDr8c=
github.com/guregu/null v3.4.0+incompatible h1:a4mw37gBO7ypcBlTJeZGuMpSxxFTV9qFfFKgWxQSGaM=
github.com/guregu/null v3.4.0+incompatible/go.mod h1:ePGpQaN9cw0tj45IR5E5ehMvsFlLlQZAkkOXZurJ3NM=
github.com/hashicorp/errwrap v1.0.0 h1:hLrqtEDnRye3+sgx6z4qVLNuviH3MR5aQ0ykNJa/UYA=
github.com/hashicorp/errwrap v1.0.0/go.mod h1:YH+1FKiLXxHSkmPseP+kNlulaMuP3n2brvKWEqk/Jc4=
github.com/hashicorp/go-immutable-radix v1.0.0/go.mod h1:0y9vanUI8NX6FsYoO3zeMjhV/C5i9g4Q3DwcSNZ4P60=
github.com/hashicorp/go-multierror v1.0.0 h1:iVjPR7a6H0tWELX5NxNe7bYopibicUzc7uPribsnS6o=
github.com/hashicorp/go-multierror v1.0.0/go.mod h1:dHtQlpGsu+cZNNAkkCN/P3hoUDHhCYQXV3UM06sGGrk=
github.com/hashicorp/go-uuid v1.0.0/go.mod h1:6SBZvOh/SIDV7/2o3Jml5SYk/TvGqwFJ/bN7x4byOro=
github.com/hashicorp/golang-lru v0.0.0-20160207214719-a0d98a5f2880/go.mod h1:/m3WP610KZHVQ1SGc6re/UDhFvYD7pJ4Ao+sR/qLZy8=
github.com/hashicorp/golang-lru v0.5.0 h1:CL2msUPvZTLb5O648aiLNJw3hnBxN2+1Jq8rCOH9wdo=
github.com/hashicorp/golang-lru v0.5.0/go.mod h1:/m3WP610KZHVQ1SGc6re/UDhFvYD7pJ4Ao+sR/qLZy8=
github.com/hashicorp/uuid v0.0.0-20160311170451-ebb0a03e909c/go.mod h1:fHzc09UnyJyqyW+bFuq864eh+wC7dj65aXmXLRe5to0=
github.com/hpcloud/tail v1.0.0 h1:nfCOvKYfkgYP8hkirhJocXT2+zOD8yUNjXaWfTlyFKI=
github.com/hpcloud/tail v1.0.0/go.mod h1:ab1qPbhIpdTxEkNHXyeSf5vhxWSCs/tWer42PpOxQnU=
github.com/ijc/Gotty v0.0.0-20170406111628-a8b993ba6abd h1:anPrsicrIi2ColgWTVPk+TrN42hJIWlfPHSBP9S0ZkM=
github.com/ijc/Gotty v0.0.0-20170406111628-a8b993ba6abd/go.mod h1:3LVOLeyx9XVvwPgrt2be44XgSqndprz1G18rSk8KD84=
github.com/imdario/mergo v0.3.7 h1:Y+UAYTZ7gDEuOfhxKWy+dvb5dRQ6rJjFSdX2HZY1/gI=
github.com/imdario/mergo v0.3.7/go.mod h1:2EnlNZ0deacrJVfApfmtdGgDfMuh/nq6Ok1EcJh5FfA=
github.com/inconshreveable/mousetrap v1.0.0 h1:Z8tu5sraLXCXIcARxBp/8cbvlwVa7Z1NHg9XEKhtSvM=
github.com/inconshreveable/mousetrap v1.0.0/go.mod h1:PxqpIevigyE2G7u3NXJIT2ANytuPF1OarO4DADm73n8=
github.com/ishidawataru/sctp v0.0.0-20180213033435-07191f837fed/go.mod h1:DM4VvS+hD/kDi1U1QsX2fnZowwBhqD0Dk3bRPKF/Oc8=
github.com/json-iterator/go v1.1.5 h1:gL2yXlmiIo4+t+y32d4WGwOjKGYcGOuyrg46vadswDE=
github.com/json-iterator/go v1.1.5/go.mod h1:+SdeFBvtyEkXs7REEP0seUULqWtbJapLOCVDaaPEHmU=
github.com/kisielk/errcheck v1.1.0/go.mod h1:EZBBE59ingxPouuu3KfxchcWSUPOHkagtvWXihfKN4Q=
github.com/kisielk/gotool v1.0.0/go.mod h1:XhKaO+MFFWcvkIS/tQcRk01m1F5IRFswLeQ+oQHNcck=
github.com/klauspost/compress v1.4.1 h1:8VMb5+0wMgdBykOV96DwNwKFQ+WTI4pzYURP99CcB9E=
github.com/klauspost/compress v1.4.1/go.mod h1:RyIbtBH6LamlWaDj8nUwkbUhJ87Yi3uG0guNDohfE1A=
github.com/klauspost/cpuid v1.2.0 h1:NMpwD2G9JSFOE1/TJjGSo5zG7Yb2bTe7eq1jH+irmeE=
github.com/klauspost/cpuid v1.2.0/go.mod h1:Pj4uuM528wm8OyEC2QMXAi2YiTZ96dNQPGgoMS4s3ek=
github.com/klauspost/pgzip v1.2.1 h1:oIPZROsWuPHpOdMVWLuJZXwgjhrW8r1yEX8UqMyeNHM=
github.com/klauspost/pgzip v1.2.1/go.mod h1:Ch1tH69qFZu15pkjo5kYi6mth2Zzwzt50oCQKQE9RUs=
github.com/konsorten/go-windows-terminal-sequences v1.0.1 h1:mweAR1A6xJ3oS2pRaGiHgQ4OO8tzTaLawm8vnODuwDk=
github.com/konsorten/go-windows-terminal-sequences v1.0.1/go.mod h1:T0+1ngSBFLxvqU3pZ+m/2kptfBszLMUkC4ZK/EgS/cQ=
github.com/kr/pretty v0.1.0 h1:L/CwN0zerZDmRFUapSPitk6f+Q3+0za1rQkzVuMiMFI=
github.com/kr/pretty v0.1.0/go.mod h1:dAy3ld7l9f0ibDNOQOHHMYYIIbhfbHSm3C4ZsoJORNo=
github.com/kr/pty v1.1.1/go.mod h1:pFQYn66WHrOpPYNljwOMqo10TkYh1fy3cYio2l3bCsQ=
github.com/kr/text v0.1.0 h1:45sCR5RtlFHMR4UwH9sdQ5TC8v0qDQCHnXt+kaKSTVE=
github.com/kr/text v0.1.0/go.mod h1:4Jbv+DJW3UT/LiOwJeYQe1efqtUx/iVham/4vfdArNI=
github.com/kubernetes-sigs/yaml v1.1.0 h1:oqCjQSegsfZ2Lf9OutaFEeq5y6TrBSTuvPeJ6RKoNoU=
github.com/kubernetes-sigs/yaml v1.1.0/go.mod h1:yDUYjn6Z3s4VTIBA3/+ua4UkMDkGYI0uelklrvZRs0E=
github.com/kubernetes/api v0.0.0-20190222213804-5cb15d344471 h1:arxwmCNOF7deAm6SuG3pBDAKPrs4/PJ5fsSvTc41GEk=
github.com/kubernetes/api v0.0.0-20190222213804-5cb15d344471/go.mod h1:o5K7QWn2BV3MxynyVmAM1hhJxCL/FTrSymRIVwXDw58=
github.com/kubernetes/apiextensions-apiserver v0.0.0-20190325193600-475668423e9f h1:d3W2Qgb8pdhvJKi5SObmk0WhKSDmNA9hqHGG7eXDyf8=
github.com/kubernetes/apiextensions-apiserver v0.0.0-20190325193600-475668423e9f/go.mod h1:/JUbf+T6TS59FcMZ405U/6u2Nt3XmUTgXmHZApOp0XU=
github.com/kubernetes/apimachinery v0.0.0-20190221213512-86fb29eff628 h1:XyI7cEl0w8QLbI8UuM94zl66fergw7yTv3V8xZnfNBw=
github.com/kubernetes/apimachinery v0.0.0-20190221213512-86fb29eff628/go.mod h1:Pe/YBTPc3vqoMkbuIWPH8CF9ehINdvNyS0dP3J6HC0s=
github.com/kubernetes/apiserver v0.0.0-20190319190228-a4358799e4fe h1:ZuInWvIRUytEKiU/7/Bi8Yv5NEXEcd0QLfOtKVN6znM=
github.com/kubernetes/apiserver v0.0.0-20190319190228-a4358799e4fe/go.mod h1:Vo/2m/m5hGXAjvVdn8krBjwV9gE2BpqVNjCPiZYTgHA=
github.com/kubernetes/client-go v2.0.0-alpha.0.0.20190307161346-7621a5ebb88b+incompatible h1:RCFY/zkABW3PUadpDkZSj0f/GKbIcP551dy9XeVZvWw=
github.com/kubernetes/client-go v2.0.0-alpha.0.0.20190307161346-7621a5ebb88b+incompatible/go.mod h1:kszVi2i+FeqECZHhjpkV5h5zM0GnURfJv897YzgoAQ8=
github.com/kubernetes/cloud-provider v0.0.0-20190325195930-a624236cb1f2 h1:q9bM3RdxTaiLtDOPczvXRtAp5J7Sxcl8+GIUoXP/oYA=
github.com/kubernetes/cloud-provider v0.0.0-20190325195930-a624236cb1f2/go.mod h1:wSsPdMDMxGzQV9ZlcneW4/yQAD0PV9cwdPokzKS9py8=
github.com/kubernetes/klog v0.2.0 h1:/p07HxfKu+GvOhhbIzzoZT4PNNuFX65dp756J/5aUGo=
github.com/kubernetes/klog v0.2.0/go.mod h1:Nc2KXoWRmOWqOGhhhv1a6gi59sng+aIZE1UX4vtu2Y8=
github.com/kubernetes/kubernetes v1.13.5 h1:rT9UqZaZrqa7l/1+dndf/CZ1vqzqiONk3HAO+LjU2lw=
github.com/kubernetes/kubernetes v1.13.5/go.mod h1:uy4KkZ3U8byb0owsXQji5MEZjKCNMrl6ldqCSolS7/I=
github.com/kubernetes/utils v0.0.0-20190221042446-c2654d5206da h1:kRth6J7Gl+x2iV5ETE8I1HkocPidtBymmHuWcKVu8lg=
github.com/kubernetes/utils v0.0.0-20190221042446-c2654d5206da/go.mod h1:2mshjrOltsUkHset7dwk3ShLzdP39hVTliz3s2ASt4k=
github.com/lib/pq v1.0.0 h1:X5PMW56eZitiTeO7tKzZxFCSpbFZJtkMMooicw2us9A=
github.com/lib/pq v1.0.0/go.mod h1:5WUZQaWbwv1U+lTReE5YruASi9Al49XbQIvNi/34Woo=
github.com/mailru/easyjson v0.0.0-20180823135443-60711f1a8329 h1:2gxZ0XQIU/5z3Z3bUBu+FXuk2pFbkN6tcwi/pjyaDic=
github.com/mailru/easyjson v0.0.0-20180823135443-60711f1a8329/go.mod h1:C1wdFJiN94OJF2b5HbByQZoLdCWB1Yqtg26g4irojpc=
github.com/mattn/go-isatty v0.0.7 h1:UvyT9uN+3r7yLEYSlJsbQGdsaB/a0DlgWP3pql6iwOc=
github.com/mattn/go-isatty v0.0.7/go.mod h1:Iq45c/XA43vh69/j3iqttzPXn0bhXyGjM0Hdxcsrc5s=
github.com/mattn/go-shellwords v1.0.5 h1:JhhFTIOslh5ZsPrpa3Wdg8bF0WI3b44EMblmU9wIsXc=
github.com/mattn/go-shellwords v1.0.5/go.mod h1:3xCvwCdWdlDJUrvuMn7Wuy9eWs4pE8vqg+NOMyg4B2o=
github.com/matttproud/golang_protobuf_extensions v1.0.1 h1:4hp9jkHxhMHkqkrB3Ix0jegS5sx/RkqARlsWZ6pIwiU=
github.com/matttproud/golang_protobuf_extensions v1.0.1/go.mod h1:D8He9yQNgCq6Z5Ld7szi9bcBfOoFv/3dc6xSMkL2PC0=
github.com/mistifyio/go-zfs v2.1.1+incompatible h1:gAMO1HM9xBRONLHHYnu5iFsOJUiJdNZo6oqSENd4eW8=
github.com/mistifyio/go-zfs v2.1.1+incompatible/go.mod h1:8AuVvqP/mXw1px98n46wfvcGfQ4ci2FwoAjKYxuo3Z4=
github.com/mitchellh/hashstructure v0.0.0-20170609045927-2bca23e0e452/go.mod h1:QjSHrPWS+BGUVBYkbTZWEnOh3G1DutKwClXU/ABz6AQ=
github.com/moby/buildkit v0.4.0 h1:G+Tmjcf641ydgaxznDR3NBukvUWHF/ywyepWjiEDsPg=
github.com/moby/buildkit v0.4.0/go.mod h1:MF4hMPvE6YC67Nwj70Soh0QX3igIeDct3HOOcpr0qgw=
github.com/modern-go/concurrent v0.0.0-20180306012644-bacd9c7ef1dd h1:TRLaZ9cD/w8PVh93nsPXa1VrQ6jlwL5oN8l14QlcNfg=
github.com/modern-go/concurrent v0.0.0-20180306012644-bacd9c7ef1dd/go.mod h1:6dJC0mAP4ikYIbvyc7fijjWJddQyLn8Ig3JB5CqoB9Q=
github.com/modern-go/reflect2 v1.0.1 h1:9f412s+6RmYXLWZSEzVVgPGK7C2PphHj5RJrvfx9AWI=
github.com/modern-go/reflect2 v1.0.1/go.mod h1:bx2lNnkwVCuqBIxFjflWJWanXIb3RllmbCylyMrvgv0=
github.com/morikuni/aec v0.0.0-20170113033406-39771216ff4c/go.mod h1:BbKIizmSmc5MMPqRYbxO4ZU0S0+P200+tUnFx7PXmsc=
github.com/mtrmac/gpgme v0.0.0-20170102180018-b2432428689c h1:xa+eQWKuJ9MbB9FBL/eoNvDFvveAkz2LQoz8PzX7Q/4=
github.com/mtrmac/gpgme v0.0.0-20170102180018-b2432428689c/go.mod h1:GhAqVMEWnTcW2dxoD/SO3n2enrgWl3y6Dnx4m59GvcA=
github.com/onsi/ginkgo v1.6.0/go.mod h1:lLunBs/Ym6LB5Z9jYTR76FiuTmxDTDusOGeTQH+WWjE=
github.com/onsi/ginkgo v1.7.0 h1:WSHQ+IS43OoUrWtD1/bbclrwK8TTH5hzp+umCiuxHgs=
github.com/onsi/ginkgo v1.7.0/go.mod h1:lLunBs/Ym6LB5Z9jYTR76FiuTmxDTDusOGeTQH+WWjE=
github.com/onsi/gomega v1.4.3 h1:RE1xgDvH7imwFD45h+u2SgIfERHlS2yNG4DObb5BSKU=
github.com/onsi/gomega v1.4.3/go.mod h1:ex+gbHU/CVuBBDIJjb2X0qEXbFg53c61hWP/1CpauHY=
github.com/opencontainers/go-digest v1.0.0-rc1 h1:WzifXhOVOEOuFYOJAW6aQqW0TooG2iki3E3Ii+WN7gQ=
github.com/opencontainers/go-digest v1.0.0-rc1/go.mod h1:cMLVZDEM3+U2I4VmLI6N8jQYUd2OVphdqWwCJHrFt2s=
github.com/opencontainers/image-spec v1.0.1 h1:JMemWkRwHx4Zj+fVxWoMCFm/8sYGGrUVojFA6h/TRcI=
github.com/opencontainers/image-spec v1.0.1/go.mod h1:BtxoFyWECRxE4U/7sNtV5W15zMzWCbyJoFRP3s7yZA0=
github.com/opencontainers/runc v1.0.0-rc6 h1:7AoN22rYxxkmsJS48wFaziH/n0OvrZVqL/TglgHKbKQ=
github.com/opencontainers/runc v1.0.0-rc6/go.mod h1:qT5XzbpPznkRYVz/mWwUaVBUv2rmF59PVA73FjuZG0U=
github.com/opencontainers/runtime-spec v1.0.1 h1:wY4pOY8fBdSIvs9+IDHC55thBuEulhzfSgKeC1yFvzQ=
github.com/opencontainers/runtime-spec v1.0.1/go.mod h1:jwyrGlmzljRJv/Fgzds9SsS/C5hL+LL3ko9hs6T5lQ0=
github.com/opencontainers/runtime-tools v0.9.0 h1:FYgwVsKRI/H9hU32MJ/4MLOzXWodKK5zsQavY8NPMkU=
github.com/opencontainers/runtime-tools v0.9.0/go.mod h1:r3f7wjNzSs2extwzU3Y+6pKfobzPh+kKFJ3ofN+3nfs=
github.com/opencontainers/selinux v1.0.0 h1:AYFJmdZd1xjz5UIb8YpDHthdwAzlM5FVY6PzoNMgAMk=
github.com/opencontainers/selinux v1.0.0/go.mod h1:+BLncwf63G4dgOzykXAxcmnFlUaOlkDdmw/CqsW6pjs=
github.com/openshift/imagebuilder v0.0.0-20190308124740-705fe9255c57 h1:+s2Mabbr/HDsngodj110NRzXHnr6VD0+djNX6veF8EE=
github.com/openshift/imagebuilder v0.0.0-20190308124740-705fe9255c57/go.mod h1:9aJRczxCH0mvT6XQ+5STAQaPWz7OsWcU5/mRkt8IWeo=
github.com/opentracing-contrib/go-stdlib v0.0.0-20171029140428-b1a47cfbdd75/go.mod h1:PLldrQSroqzH70Xl+1DQcGnefIbqsKR7UDaiux3zV+w=
github.com/opentracing/opentracing-go v0.0.0-20171003133519-1361b9cd60be/go.mod h1:UkNAQd3GIcIGf0SeVgPpRdFStlNbqXla1AfSYxPUl2o=
github.com/opentracing/opentracing-go v1.0.2 h1:3jA2P6O1F9UOrWVpwrIo17pu01KWvNWg4X946/Y5Zwg=
github.com/opentracing/opentracing-go v1.0.2/go.mod h1:UkNAQd3GIcIGf0SeVgPpRdFStlNbqXla1AfSYxPUl2o=
github.com/operator-framework/operator-sdk v0.5.0 h1:PnPNOeN45xS3yHTtj43ZaF/FsIsRHwFfN8PZdPjmBlo=
github.com/operator-framework/operator-sdk v0.5.0/go.mod h1:iVyukRkam5JZa8AnjYf+/G3rk7JI1+M6GsU0sq0B9NA=
github.com/ostreedev/ostree-go v0.0.0-20181213164143-d0388bd827cf h1:tap+MXBMnRjexGsKGhIk4hV2QWASgxEvx8NMTtoSi8U=
github.com/ostreedev/ostree-go v0.0.0-20181213164143-d0388bd827cf/go.mod h1:J6OG6YJVEWopen4avK3VNQSnALmmjvniMmni/YFYAwc=
github.com/pborman/uuid v0.0.0-20180906182336-adf5a7427709 h1:zNBQb37RGLmJybyMcs983HfUfpkw9OTFD9tbBfAViHE=
github.com/pborman/uuid v0.0.0-20180906182336-adf5a7427709/go.mod h1:VyrYX9gd7irzKovcSS6BIIEwPRkP2Wm2m9ufcdFSJ34=
github.com/peterbourgon/diskv v2.0.1+incompatible h1:UBdAOUP5p4RWqPBg048CAvpKN+vxiaj6gdUUzhl4XmI=
github.com/peterbourgon/diskv v2.0.1+incompatible/go.mod h1:uqqh8zWWbv1HBMNONnaR/tNboyR3/BZd58JJSHlUSCU=
github.com/phayes/freeport v0.0.0-20180830031419-95f893ade6f2 h1:JhzVVoYvbOACxoUmOs6V/G4D5nPVUW73rKvXxP4XUJc=
github.com/phayes/freeport v0.0.0-20180830031419-95f893ade6f2/go.mod h1:iIss55rKnNBTvrwdmkUpLnDpZoAHvWaiq5+iMmen4AE=
github.com/pkg/errors v0.8.1 h1:iURUrRGxPUNPdy5/HRSm+Yj6okJ6UtLINN0Q9M4+h3I=
github.com/pkg/errors v0.8.1/go.mod h1:bwawxfHBFNV+L2hUp1rHADufV3IMtnDRdf1r5NINEl0=
github.com/pkg/profile v1.2.1/go.mod h1:hJw3o1OdXxsrSjjVksARp5W95eeEaEfptyVZyv6JUPA=
github.com/pmezard/go-difflib v1.0.0 h1:4DBwDE0NGyQoBHbLQYPwSUPoCMWR5BEzIk/f1lZbAQM=
github.com/pmezard/go-difflib v1.0.0/go.mod h1:iKH77koFhYxTK1pcRnkKkqfTogsbg7gZNVY4sRDYZ/4=
github.com/pquerna/ffjson v0.0.0-20181028064349-e517b90714f7 h1:gGBSHPOU7g8YjTbhwn+lvFm2VDEhhA+PwDIlstkgSxE=
github.com/pquerna/ffjson v0.0.0-20181028064349-e517b90714f7/go.mod h1:YARuvh7BUWHNhzDq2OM5tzR2RiCcN2D7sapiKyCel/M=
github.com/prometheus/client_golang v0.9.2 h1:awm861/B8OKDd2I/6o1dy3ra4BamzKhYOiGItCeZ740=
github.com/prometheus/client_golang v0.9.2/go.mod h1:OsXs2jCmiKlQ1lTBmv21f2mNfw4xf/QclQDMrYNZzcM=
github.com/prometheus/client_model v0.0.0-20190129233127-fd36f4220a90 h1:S/YWwWx/RA8rT8tKFRuGUZhuA90OyIBpPCXkcbwU8DE=
github.com/prometheus/client_model v0.0.0-20190129233127-fd36f4220a90/go.mod h1:xMI15A0UPsDsEKsMN9yxemIoYk6Tm2C1GtYGdfGttqA=
github.com/prometheus/common v0.0.0-20181126121408-4724e9255275 h1:PnBWHBf+6L0jOqq0gIVUe6Yk0/QMZ640k6NvkxcBf+8=
github.com/prometheus/common v0.0.0-20181126121408-4724e9255275/go.mod h1:daVV7qP5qjZbuso7PdcryaAu0sAZbrN9i7WWcTMWvro=
github.com/prometheus/procfs v0.0.0-20190209105433-f8d8b3f739bd h1:pi7bGw6n4tfgHQtWDxJBBLYVdFr1GlfQEsDOyCDDFMM=
github.com/prometheus/procfs v0.0.0-20190209105433-f8d8b3f739bd/go.mod h1:TjEm7ze935MbeOT/UhFTIMYKhuLP4wbCsTZCD3I8kEA=
github.com/satori/go.uuid v1.2.0 h1:0uYX9dsZ2yD7q2RtLRtPSdGDWzjeM3TbMJP9utgA0ww=
github.com/satori/go.uuid v1.2.0/go.mod h1:dA0hQrYB0VpLJoorglMZABFdXlWrHn1NEOzdhQKdks0=
github.com/seccomp/containers-golang v0.0.0-20190312124753-8ca8945ccf5f h1:OtU/w6sBKmXYaw2KEODxjcYi3oPSyyslhgGFgIJVGAI=
github.com/seccomp/containers-golang v0.0.0-20190312124753-8ca8945ccf5f/go.mod h1:f/98/SnvAzhAEFQJ3u836FePXvcbE8BS0YGMQNn4mhA=
github.com/seccomp/libseccomp-golang v0.9.0 h1:S1pmhdFh5spQtVojA+4GUdWBqvI8ydYHxrx8iR6xN8o=
github.com/seccomp/libseccomp-golang v0.9.0/go.mod h1:GbW5+tmTXfcxTToHLXlScSlAvWlF4P2Ca7zGrPiEpWo=
github.com/sigma/go-inotify v0.0.0-20181102212354-c87b6cf5033d h1:G1nNtZVTzcCvVKMwcG0Vispo3bhc15EbjO5uamiLikI=
github.com/sigma/go-inotify v0.0.0-20181102212354-c87b6cf5033d/go.mod h1:stlh9OsqBQSdwxTxX73mu41BBtRbIpZLQ7flcAoxAfo=
github.com/sirupsen/logrus v1.0.3/go.mod h1:pMByvHTf9Beacp5x1UXfOR9xyW/9antXMhjMPG0dEzc=
github.com/sirupsen/logrus v1.3.0 h1:hI/7Q+DtNZ2kINb6qt/lS+IyXnHQe9e90POfeewL/ME=
github.com/sirupsen/logrus v1.3.0/go.mod h1:LxeOpSwHxABJmUn/MG1IvRgCAasNZTLOkJPxbbu5VWo=
github.com/spf13/afero v1.2.1 h1:qgMbHoJbPbw579P+1zVY+6n4nIFuIchaIjzZ/I/Yq8M=
github.com/spf13/afero v1.2.1/go.mod h1:9ZxEEn6pIJ8Rxe320qSDBk6AsU0r9pR7Q4OcevTdifk=
github.com/spf13/cobra v0.0.3 h1:ZlrZ4XsMRm04Fr5pSFxBgfND2EBVa1nLpiy1stUsX/8=
github.com/spf13/cobra v0.0.3/go.mod h1:1l0Ry5zgKvJasoi3XT1TypsSe7PqH0Sj9dhYf7v3XqQ=
github.com/spf13/pflag v1.0.3 h1:zPAT6CGy6wXeQ7NtTnaTerfKOsV6V6F8agHXFiazDkg=
github.com/spf13/pflag v1.0.3/go.mod h1:DYY7MBk1bdzusC3SYhjObp+wFpr4gzcvqqNjLnInEg4=
github.com/stretchr/objx v0.1.0/go.mod h1:HFkY916IF+rwdDfMAkV7OtwuqBVzrE8GR6GFx+wExME=
github.com/stretchr/objx v0.1.1 h1:2vfRuCMp5sSVIDSqO8oNnWJq7mPa6KVP3iPIwFBuy8A=
github.com/stretchr/objx v0.1.1/go.mod h1:HFkY916IF+rwdDfMAkV7OtwuqBVzrE8GR6GFx+wExME=
github.com/stretchr/testify v1.3.0 h1:TivCn/peBQ7UY8ooIcPgZFpTNSz0Q2U6UrFlUfqbe0Q=
github.com/stretchr/testify v1.3.0/go.mod h1:M5WIy9Dh21IEIfnGCwXGc5bZfKNJtfHm1UVUgZn+9EI=
github.com/syndtr/gocapability v0.0.0-20180916011248-d98352740cb2 h1:b6uOv7YOFK0TYG7HtkIgExQo+2RdLuwRft63jn2HWj8=
github.com/syndtr/gocapability v0.0.0-20180916011248-d98352740cb2/go.mod h1:hkRG7XYTFWNJGYcbNJQlaLq0fg1yr4J4t/NcTQtrfww=
github.com/tchap/go-patricia v2.3.0+incompatible h1:GkY4dP3cEfEASBPPkWd+AmjYxhmDkqO9/zg7R0lSQRs=
github.com/tchap/go-patricia v2.3.0+incompatible/go.mod h1:bmLyhP68RS6kStMGxByiQ23RP/odRBOTVjwp2cDyi6I=
github.com/tonistiigi/fsutil v0.0.0-20190130224639-b4281fa67095/go.mod h1:UYukpgbLYvlEDwyQ/SqtLJ9QlgYORCPEwDln/Noj7xc=
github.com/tonistiigi/units v0.0.0-20180711220420-6950e57a87ea/go.mod h1:WPnis/6cRcDZSUvVmezrxJPkiO87ThFYsoUiMwWNDJk=
github.com/uber/jaeger-client-go v0.0.0-20180103221425-e02c85f9069e/go.mod h1:WVhlPFC8FDjOFMMWRy2pZqQJSXxYSwNYOkTr/Z6d3Kk=
github.com/uber/jaeger-lib v1.2.1/go.mod h1:ComeNDZlWwrWnDv8aPp0Ba6+uUTzImX/AauajbLI56U=
github.com/ulikunitz/xz v0.5.6 h1:jGHAfXawEGZQ3blwU5wnWKQJvAraT7Ftq9EXjnXYgt8=
github.com/ulikunitz/xz v0.5.6/go.mod h1:2bypXElzHzzJZwzH67Y6wb67pO62Rzfn7BSiF4ABRW8=
github.com/ulule/deepcopier v0.0.0-20171107155558-ca99b135e50f h1:QatZ4lsJBY3x1+Imst9g95+vUl7m52dqM9Pi4aSMW8w=
github.com/ulule/deepcopier v0.0.0-20171107155558-ca99b135e50f/go.mod h1:BNLmYJ8oMJPIPpNx5968jCyUhwEU1XT3YsuOqtbo5qo=
github.com/urfave/cli v0.0.0-20171014202726-7bc6a0acffa5/go.mod h1:70zkFmudgCuE/ngEzBv17Jvp/497gISqfk5gWijbERA=
github.com/vbatts/tar-split v0.11.1 h1:0Odu65rhcZ3JZaPHxl7tCI3V/C/Q9Zf82UFravl02dE=
github.com/vbatts/tar-split v0.11.1/go.mod h1:LEuURwDEiWjRjwu46yU3KVGuUdVv/dcnpcEPSzR8z6g=
github.com/vbauerster/mpb v3.3.4+incompatible h1:DDIhnwmgTQIDZo+SWlEr5d6mJBxkOLBwCXPzunhEfJ4=
github.com/vbauerster/mpb v3.3.4+incompatible/go.mod h1:zAHG26FUhVKETRu+MWqYXcI70POlC6N8up9p1dID7SU=
github.com/vishvananda/netlink v1.0.0 h1:bqNY2lgheFIu1meHUFSH3d7vG93AFyqg3oGbJCOJgSM=
github.com/vishvananda/netlink v1.0.0/go.mod h1:+SR5DhBJrl6ZM7CoCKvpw5BKroDKQ+PJqOg65H/2ktk=
github.com/vishvananda/netns v0.0.0-20180720170159-13995c7128cc h1:R83G5ikgLMxrBvLh22JhdfI8K6YXEPHx5P03Uu3DRs4=
github.com/vishvananda/netns v0.0.0-20180720170159-13995c7128cc/go.mod h1:ZjcWmFBXmLKZu9Nxj3WKYEafiSqer2rnvPr0en9UNpI=
github.com/xeipuuv/gojsonpointer v0.0.0-20180127040702-4e3ac2762d5f h1:J9EGpcZtP0E/raorCMxlFGSTBrsSlaDGf3jU/qvAE2c=
github.com/xeipuuv/gojsonpointer v0.0.0-20180127040702-4e3ac2762d5f/go.mod h1:N2zxlSyiKSe5eX1tZViRH5QA0qijqEDrYZiPEAiq3wU=
github.com/xeipuuv/gojsonreference v0.0.0-20180127040603-bd5ef7bd5415 h1:EzJWgHovont7NscjpAxXsDA8S8BMYve8Y5+7cuRE7R0=
github.com/xeipuuv/gojsonreference v0.0.0-20180127040603-bd5ef7bd5415/go.mod h1:GwrjFmJcFw6At/Gs6z4yjiIwzuJ1/+UwLxMQDVQXShQ=
github.com/xeipuuv/gojsonschema v1.1.0 h1:ngVtJC9TY/lg0AA/1k48FYhBrhRoFlEmWzsehpNAaZg=
github.com/xeipuuv/gojsonschema v1.1.0/go.mod h1:5yf86TLmAcydyeJq5YvxkGPE2fm/u4myDekKRoLuqhs=
go.etcd.io/bbolt v1.3.1-etcd.8 h1:6J7QAKqfFBGnU80KRnuQxfjjeE5xAGE/qB810I3FQHQ=
go.etcd.io/bbolt v1.3.1-etcd.8/go.mod h1:IbVyRI1SCnLcuJnV2u8VeU0CEYM7e686BmAb1XKL+uU=
go.uber.org/atomic v1.3.2 h1:2Oa65PReHzfn29GpvgsYwloV9AVFHPDk8tYxt2c2tr4=
go.uber.org/atomic v1.3.2/go.mod h1:gD2HeocX3+yG+ygLZcrzQJaqmWj9AIm7n08wl/qW/PE=
go.uber.org/multierr v1.1.0 h1:HoEmRHQPVSqub6w2z2d2EOVs2fjyFRGyofhKuyDq0QI=
go.uber.org/multierr v1.1.0/go.mod h1:wR5kodmAFQ0UK8QlbwjlSNy0Z68gJhDJUG5sjR94q/0=
go.uber.org/zap v1.9.1 h1:XCJQEf3W6eZaVwhRBof6ImoYGJSITeKWsyeh3HFu/5o=
go.uber.org/zap v1.9.1/go.mod h1:vwi/ZaCAaUcBkycHslxD9B2zi4UTXhF60s6SWpuDF0Q=
golang.org/x/crypto v0.0.0-20180904163835-0709b304e793/go.mod h1:6SG95UA2DQfeDnfUPMdvaQW0Q7yPrPDi9nlGo2tz2b4=
golang.org/x/crypto v0.0.0-20190103213133-ff983b9c42bc/go.mod h1:6SG95UA2DQfeDnfUPMdvaQW0Q7yPrPDi9nlGo2tz2b4=
golang.org/x/crypto v0.0.0-20190129210102-ccddf3741a0c/go.mod h1:6SG95UA2DQfeDnfUPMdvaQW0Q7yPrPDi9nlGo2tz2b4=
golang.org/x/crypto v0.0.0-20190308221718-c2843e01d9a2 h1:VklqNMn3ovrHsnt90PveolxSbWFaJdECFbxSq0Mqo2M=
golang.org/x/crypto v0.0.0-20190308221718-c2843e01d9a2/go.mod h1:djNgcEr1/C05ACkg1iLfiJU5Ep61QUkGW8qpdssI0+w=
golang.org/x/exp v0.0.0-20190121172915-509febef88a4/go.mod h1:CJ0aWSM057203Lf6IL+f9T1iT9GByDxfZKAQTCR3kQA=
golang.org/x/lint v0.0.0-20181026193005-c67002cb31c3/go.mod h1:UVdnD1Gm6xHRNCYTkRU2/jEulfH38KcIWyp/GAMgvoE=
golang.org/x/lint v0.0.0-20190227174305-5b3e6a55c961/go.mod h1:wehouNa3lNwaWXcvxsM5YxQ5yQlVC4a0KAMCusXpPoU=
golang.org/x/sys v0.0.0-20180830151530-49385e6e1522/go.mod h1:STP8DvDyc/dI5b8T5hshtkjS+E42TnysNCUPdjciGhY=
golang.org/x/sys v0.0.0-20180905080454-ebe1bf3edb33/go.mod h1:STP8DvDyc/dI5b8T5hshtkjS+E42TnysNCUPdjciGhY=
golang.org/x/sys v0.0.0-20180909124046-d0be0721c37e/go.mod h1:STP8DvDyc/dI5b8T5hshtkjS+E42TnysNCUPdjciGhY=
golang.org/x/sys v0.0.0-20190109145017-48ac38b7c8cb/go.mod h1:STP8DvDyc/dI5b8T5hshtkjS+E42TnysNCUPdjciGhY=
golang.org/x/sys v0.0.0-20190215142949-d0b11bdaac8a/go.mod h1:STP8DvDyc/dI5b8T5hshtkjS+E42TnysNCUPdjciGhY=
golang.org/x/sys v0.0.0-20190222072716-a9d3bda3a223 h1:DH4skfRX4EBpamg7iV4ZlCpblAHI6s6TDM39bFZumv8=
golang.org/x/sys v0.0.0-20190222072716-a9d3bda3a223/go.mod h1:STP8DvDyc/dI5b8T5hshtkjS+E42TnysNCUPdjciGhY=
golang.org/x/text v0.3.0 h1:g61tztE5qeGQ89tm6NTjjM9VPIm088od1l6aSorWRWg=
golang.org/x/text v0.3.0/go.mod h1:NqM8EUOU14njkJ3fqMW+pc6Ldnwhi/IjpwHt7yyuwOQ=
golang.org/x/time v0.0.0-20161028155119-f51c12702a4d h1:TnM+PKb3ylGmZvyPXmo9m/wktg7Jn/a/fNmr33HSj8g=
golang.org/x/time v0.0.0-20161028155119-f51c12702a4d/go.mod h1:tRJNPiyCQ0inRvYxbN9jk5I+vvW/OXSQhTDSoE431IQ=
golang.org/x/tools v0.0.0-20180221164845-07fd8470d635/go.mod h1:n7NCudcB/nEzxVGmLbDWY5pfWTLqBcC2KZ6jyYvM4mQ=
golang.org/x/tools v0.0.0-20190114222345-bf090417da8b/go.mod h1:n7NCudcB/nEzxVGmLbDWY5pfWTLqBcC2KZ6jyYvM4mQ=
golang.org/x/tools v0.0.0-20190226205152-f727befe758c/go.mod h1:9Yl7xja0Znq3iFh3HoIrodX9oNMXvdceNzlUR8zjMvY=
google.golang.org/appengine v1.1.0/go.mod h1:EbEs0AVv82hx2wNQdGPgUI5lhzA/G0D9YwlJXL52JkM=
google.golang.org/appengine v1.4.0 h1:/wp5JvzpHIxhs/dumFmF7BXTf3Z+dd4uXta4kVyO508=
google.golang.org/appengine v1.4.0/go.mod h1:xpcJRLb0r/rnEns0DIKYYv+WjYCduHsrkT7/EB5XEv4=
gopkg.in/airbrake/gobrake.v2 v2.0.9 h1:7z2uVWwn7oVeeugY1DtlPAy5H+KYgB1KeKTnqjNatLo=
gopkg.in/airbrake/gobrake.v2 v2.0.9/go.mod h1:/h5ZAUhDkGaJfjzjKLSjv6zCL6O0LLBxU4K+aSYdM/U=
gopkg.in/check.v1 v0.0.0-20161208181325-20d25e280405 h1:yhCVgyC4o1eVCa2tZl7eS0r+SDo693bJlVdllGtEeKM=
gopkg.in/check.v1 v0.0.0-20161208181325-20d25e280405/go.mod h1:Co6ibVJAznAaIkqp8huTwlJQCZ016jof/cbN4VW5Yz0=
gopkg.in/check.v1 v1.0.0-20180628173108-788fd7840127 h1:qIbj1fsPNlZgppZ+VLlY7N33q108Sa+fhmuc+sWQYwY=
gopkg.in/check.v1 v1.0.0-20180628173108-788fd7840127/go.mod h1:Co6ibVJAznAaIkqp8huTwlJQCZ016jof/cbN4VW5Yz0=
gopkg.in/fsnotify.v1 v1.4.7 h1:xOHLXZwVvI9hhs+cLKq5+I5onOuwQLhQwiu63xxlHs4=
gopkg.in/fsnotify.v1 v1.4.7/go.mod h1:Tz8NjZHkW78fSQdbUxIjBTcgA1z1m8ZHf0WmKUhAMys=
gopkg.in/gemnasium/logrus-airbrake-hook.v2 v2.1.2 h1:OAj3g0cR6Dx/R07QgQe8wkA9RNjB2u4i700xBkIT4e0=
gopkg.in/gemnasium/logrus-airbrake-hook.v2 v2.1.2/go.mod h1:Xk6kEKp8OKb+X14hQBKWaSkCsqBpgog8nAV2xsGOxlo=
gopkg.in/inf.v0 v0.9.0 h1:3zYtXIO92bvsdS3ggAdA8Gb4Azj0YU+TVY1uGYNFA8o=
gopkg.in/inf.v0 v0.9.0/go.mod h1:cWUDdTG/fYaXco+Dcufb5Vnc6Gp2YChqWtbxRZE0mXw=
gopkg.in/tomb.v1 v1.0.0-20141024135613-dd632973f1e7 h1:uRGJdciOHaEIrze2W8Q3AKkepLTh2hOroT7a+7czfdQ=
gopkg.in/tomb.v1 v1.0.0-20141024135613-dd632973f1e7/go.mod h1:dt/ZhP58zS4L8KSrWDmTeBkI65Dw0HsyUHuEVlX15mw=
gopkg.in/yaml.v2 v2.2.2 h1:ZCJp+EgiOT7lHqUV2J862kp8Qj64Jo6az82+3Td9dZw=
gopkg.in/yaml.v2 v2.2.2/go.mod h1:hI93XBmqTisBFMUTm0b8Fm+jr3Dg1NNxqwp+5A1VGuI=
gotest.tools v2.2.0+incompatible h1:VsBPFP1AI068pPrMxtb/S8Zkgf9xEmTLJjfM+P5UIEo=
gotest.tools v2.2.0+incompatible/go.mod h1:DsYFclhRJ6vuDpmuTbkuFWG+y2sxOXAzmJt81HFBacw=
honnef.co/go/tools v0.0.0-20190102054323-c2f93a96b099/go.mod h1:rf3lG4BRIbNafJWhAfAdb/ePZxsR/4RtNHQocxwk9r4=
k8s.io/csi-api v0.0.0-20190325194237-b07135bbe9d0 h1:dhqTCa1LMr6gyC8JY4oS3QQVho0g1vNXbbCNMXDxzI8=
k8s.io/csi-api v0.0.0-20190325194237-b07135bbe9d0/go.mod h1:GH854hXKH+vaEO06X/DMiE/o3rVO1aw8dXJJpP7awjA=
k8s.io/kube-openapi v0.0.0-20190228160746-b3a7cee44a30 h1:TRb4wNWoBVrH9plmkp2q86FIDppkbrEXdXlxU3a3BMI=
k8s.io/kube-openapi v0.0.0-20190228160746-b3a7cee44a30/go.mod h1:BXM9ceUBTj2QnfH2MK1odQs778ajze1RxcmP6S8RVVc=
sigs.k8s.io/controller-runtime v0.1.10 h1:amLOmcekVdnsD1uIpmgRqfTbQWJ2qxvQkcdeFhcotn4=
sigs.k8s.io/controller-runtime v0.1.10/go.mod h1:HFAYoOh6XMV+jKF1UjFwrknPbowfyHEHHRdJMf2jMX8=
sigs.k8s.io/testing_frameworks v0.1.1 h1:cP2l8fkA3O9vekpy5Ks8mmA0NW/F7yBdXf8brkWhVrs=
sigs.k8s.io/testing_frameworks v0.1.1/go.mod h1:VVBKrHmJ6Ekkfz284YKhQePcdycOzNH9qL6ht1zEr/U=
